
Microsoft Visual Studio Solution File, Format Version 12.00
Project("{FAE04EC0-301F-11D3-BF4B-00C04F79EFBC}") = "Main", "Main\Main.csproj", "{219E214D-BB8C-44A1-ACCE-5AE25C3CC257}"
EndProject
Project("{FAE04EC0-301F-11D3-BF4B-00C04F79EFBC}") = "star2", "star2\star2.csproj", "{EA2BB013-5267-4548-B039-C99B6DE0833E}"
EndProject
Global
	GlobalSection(SolutionConfigurationPlatforms) = preSolution
		Debug|Any CPU = Debug|Any CPU
		Release|Any CPU = Release|Any CPU
	EndGlobalSection
	GlobalSection(ProjectConfigurationPlatforms) = postSolution
		{219E214D-BB8C-44A1-ACCE-5AE25C3CC257}.Debug|Any CPU.ActiveCfg = Debug|Any CPU
		{219E214D-BB8C-44A1-ACCE-5AE25C3CC257}.Debug|Any CPU.Build.0 = Debug|Any CPU
		{219E214D-BB8C-44A1-ACCE-5AE25C3CC257}.Release|Any CPU.ActiveCfg = Release|Any CPU
		{219E214D-BB8C-44A1-ACCE-5AE25C3CC257}.Release|Any CPU.Build.0 = Release|Any CPU
		{EA2BB013-5267-4548-B039-C99B6DE0833E}.Debug|Any CPU.ActiveCfg = Debug|Any CPU
		{EA2BB013-5267-4548-B039-C99B6DE0833E}.Debug|Any CPU.Build.0 = Debug|Any CPU
		{EA2BB013-5267-4548-B039-C99B6DE0833E}.Release|Any CPU.ActiveCfg = Release|Any CPU
		{EA2BB013-5267-4548-B039-C99B6DE0833E}.Release|Any CPU.Build.0 = Release|Any CPU
	EndGlobalSection
EndGlobal
